
Microsoft Visual Studio Solution File, Format Version 12.00
# Visual Studio Version 17
VisualStudioVersion = 17.7.34031.279
MinimumVisualStudioVersion = 10.0.40219.1
Project("{9A19103F-16F7-4668-BE54-9A1E7A4F7556}") = "MessageAppDemo2", "MessageAppDemo2\MessageAppDemo2.csproj", "{F09D54E7-097A-47F8-B339-3B3C84D99CF4}"
EndProject
Project("{9A19103F-16F7-4668-BE54-9A1E7A4F7556}") = "MessageAppWPFCustomControlLibrary", "MessageAppWPFControlLibrary\MessageAppWPFCustomControlLibrary.csproj", "{91AB184A-7BC6-4C0F-B7C1-0753D140004A}"
EndProject
Global
	GlobalSection(SolutionConfigurationPlatforms) = preSolution
		Debug|Any CPU = Debug|Any CPU
		Release|Any CPU = Release|Any CPU
	EndGlobalSection
	GlobalSection(ProjectConfigurationPlatforms) = postSolution
		{F09D54E7-097A-47F8-B339-3B3C84D99CF4}.Debug|Any CPU.ActiveCfg = Debug|Any CPU
		{F09D54E7-097A-47F8-B339-3B3C84D99CF4}.Debug|Any CPU.Build.0 = Debug|Any CPU
		{F09D54E7-097A-47F8-B339-3B3C84D99CF4}.Release|Any CPU.ActiveCfg = Release|Any CPU
		{F09D54E7-097A-47F8-B339-3B3C84D99CF4}.Release|Any CPU.Build.0 = Release|Any CPU
		{91AB184A-7BC6-4C0F-B7C1-0753D140004A}.Debug|Any CPU.ActiveCfg = Debug|Any CPU
		{91AB184A-7BC6-4C0F-B7C1-0753D140004A}.Debug|Any CPU.Build.0 = Debug|Any CPU
		{91AB184A-7BC6-4C0F-B7C1-0753D140004A}.Release|Any CPU.ActiveCfg = Release|Any CPU
		{91AB184A-7BC6-4C0F-B7C1-0753D140004A}.Release|Any CPU.Build.0 = Release|Any CPU
	EndGlobalSection
	GlobalSection(SolutionProperties) = preSolution
		HideSolutionNode = FALSE
	EndGlobalSection
	GlobalSection(ExtensibilityGlobals) = postSolution
		SolutionGuid = {C07D627C-9F72-48D5-BCF4-CC1DABE4578D}
	EndGlobalSection
EndGlobal
